
Microsoft Visual Studio Solution File, Format Version 12.00
# Visual Studio Version 16
VisualStudioVersion = 16.0.30804.86
MinimumVisualStudioVersion = 10.0.40219.1
Project("{9A19103F-16F7-4668-BE54-9A1E7A4F7556}") = "DataAccess", "DataAccess\DataAccess.csproj", "{883569AD-CFB1-4670-9B0A-BB38F7C097DF}"
EndProject
Project("{9A19103F-16F7-4668-BE54-9A1E7A4F7556}") = "Entities", "Entities\Entities.csproj", "{4A676AB1-1D96-4681-814A-021EF82321CB}"
EndProject
Project("{9A19103F-16F7-4668-BE54-9A1E7A4F7556}") = "Business", "Business\Business.csproj", "{5B2AD9CA-402A-480D-9FC1-7F5B51229456}"
EndProject
Project("{9A19103F-16F7-4668-BE54-9A1E7A4F7556}") = "ConsoleUI", "ConsoleUI\ConsoleUI.csproj", "{101D522B-90C9-4E67-9D27-50E438834D84}"
EndProject
Project("{9A19103F-16F7-4668-BE54-9A1E7A4F7556}") = "Core", "Core\Core.csproj", "{3BDBA1A9-641D-4FD6-BEB8-5FEB600557C8}"
EndProject
Project("{FAE04EC0-301F-11D3-BF4B-00C04F79EFBC}") = "WebAPI", "WebAPI\WebAPI.csproj", "{99E06731-A0D6-45C6-8A88-E6FFEF4C9ED0}"
EndProject
Global
	GlobalSection(SolutionConfigurationPlatforms) = preSolution
		Debug|Any CPU = Debug|Any CPU
		Release|Any CPU = Release|Any CPU
	EndGlobalSection
	GlobalSection(ProjectConfigurationPlatforms) = postSolution
		{883569AD-CFB1-4670-9B0A-BB38F7C097DF}.Debug|Any CPU.ActiveCfg = Debug|Any CPU
		{883569AD-CFB1-4670-9B0A-BB38F7C097DF}.Debug|Any CPU.Build.0 = Debug|Any CPU
		{883569AD-CFB1-4670-9B0A-BB38F7C097DF}.Release|Any CPU.ActiveCfg = Release|Any CPU
		{883569AD-CFB1-4670-9B0A-BB38F7C097DF}.Release|Any CPU.Build.0 = Release|Any CPU
		{4A676AB1-1D96-4681-814A-021EF82321CB}.Debug|Any CPU.ActiveCfg = Debug|Any CPU
		{4A676AB1-1D96-4681-814A-021EF82321CB}.Debug|Any CPU.Build.0 = Debug|Any CPU
		{4A676AB1-1D96-4681-814A-021EF82321CB}.Release|Any CPU.ActiveCfg = Release|Any CPU
		{4A676AB1-1D96-4681-814A-021EF82321CB}.Release|Any CPU.Build.0 = Release|Any CPU
		{5B2AD9CA-402A-480D-9FC1-7F5B51229456}.Debug|Any CPU.ActiveCfg = Debug|Any CPU
		{5B2AD9CA-402A-480D-9FC1-7F5B51229456}.Debug|Any CPU.Build.0 = Debug|Any CPU
		{5B2AD9CA-402A-480D-9FC1-7F5B51229456}.Release|Any CPU.ActiveCfg = Release|Any CPU
		{5B2AD9CA-402A-480D-9FC1-7F5B51229456}.Release|Any CPU.Build.0 = Release|Any CPU
		{101D522B-90C9-4E67-9D27-50E438834D84}.Debug|Any CPU.ActiveCfg = Debug|Any CPU
		{101D522B-90C9-4E67-9D27-50E438834D84}.Debug|Any CPU.Build.0 = Debug|Any CPU
		{101D522B-90C9-4E67-9D27-50E438834D84}.Release|Any CPU.ActiveCfg = Release|Any CPU
		{101D522B-90C9-4E67-9D27-50E438834D84}.Release|Any CPU.Build.0 = Release|Any CPU
		{3BDBA1A9-641D-4FD6-BEB8-5FEB600557C8}.Debug|Any CPU.ActiveCfg = Debug|Any CPU
		{3BDBA1A9-641D-4FD6-BEB8-5FEB600557C8}.Debug|Any CPU.Build.0 = Debug|Any CPU
		{3BDBA1A9-641D-4FD6-BEB8-5FEB600557C8}.Release|Any CPU.ActiveCfg = Release|Any CPU
		{3BDBA1A9-641D-4FD6-BEB8-5FEB600557C8}.Release|Any CPU.Build.0 = Release|Any CPU
		{99E06731-A0D6-45C6-8A88-E6FFEF4C9ED0}.Debug|Any CPU.ActiveCfg = Debug|Any CPU
		{99E06731-A0D6-45C6-8A88-E6FFEF4C9ED0}.Debug|Any CPU.Build.0 = Debug|Any CPU
		{99E06731-A0D6-45C6-8A88-E6FFEF4C9ED0}.Release|Any CPU.ActiveCfg = Release|Any CPU
		{99E06731-A0D6-45C6-8A88-E6FFEF4C9ED0}.Release|Any CPU.Build.0 = Release|Any CPU
	EndGlobalSection
	GlobalSection(SolutionProperties) = preSolution
		HideSolutionNode = FALSE
	EndGlobalSection
	GlobalSection(ExtensibilityGlobals) = postSolution
		SolutionGuid = {C7B1646A-D3CA-4C9B-9318-C93979B094B7}
	EndGlobalSection
EndGlobal
